{
  "name": "@anchan828/nest-sendgrid",
  "version": "0.3.35",
  "lockfileVersion": 1,
  "requires": true,
  "dependencies": {
    "@nestjs/common": {
      "version": "7.6.2",
      "resolved": "https://registry.npmjs.org/@nestjs/common/-/common-7.6.2.tgz",
      "integrity": "sha512-xsm/Arje/ePw8MrLFCmjyS8TXGPGG9vm0/E32CH87i27dmdlZ4OLwJ2NntLrhLWoa121bgIiRjVdxLIVWJk4EQ==",
      "dev": true,
      "requires": {
        "axios": "0.21.0",
        "iterare": "1.2.1",
        "tslib": "2.0.3",
        "uuid": "8.3.2"
      },
      "dependencies": {
        "axios": {
          "version": "0.21.0",
          "resolved": "https://registry.npmjs.org/axios/-/axios-0.21.0.tgz",
          "integrity": "sha512-fmkJBknJKoZwem3/IKSSLpkdNXZeBu5Q7GA/aRsr2btgrptmSCxi2oFjZHqGdK9DoTil9PIHlPIZw2EcRJXRvw==",
          "dev": true,
          "requires": {
            "follow-redirects": "^1.10.0"
          }
        },
        "follow-redirects": {
          "version": "1.13.1",
          "resolved": "https://registry.npmjs.org/follow-redirects/-/follow-redirects-1.13.1.tgz",
          "integrity": "sha512-SSG5xmZh1mkPGyKzjZP8zLjltIfpW32Y5QpdNJyjcfGxK3qo3NDDkZOZSFiGn1A6SclQxY9GzEwAHQ3dmYRWpg==",
          "dev": true
        }
      }
    },
    "@nestjs/core": {
      "version": "7.6.2",
      "resolved": "https://registry.npmjs.org/@nestjs/core/-/core-7.6.2.tgz",
      "integrity": "sha512-cIL/fpd2rwniQtxQSfsDb+lFwj6Rwahtqb8iA8VCTLqsQISNxjJwtsyG+UKBuSmJjDWfYqNjb8Y124ZrKJpDgg==",
      "dev": true,
      "requires": {
        "@nuxtjs/opencollective": "0.3.2",
        "fast-safe-stringify": "2.0.7",
        "iterare": "1.2.1",
        "object-hash": "2.0.3",
        "path-to-regexp": "3.2.0",
        "tslib": "2.0.3",
        "uuid": "8.3.2"
      }
    },
    "@nestjs/testing": {
      "version": "7.6.2",
      "resolved": "https://registry.npmjs.org/@nestjs/testing/-/testing-7.6.2.tgz",
      "integrity": "sha512-mGRp9W8v8TXoHKuCu6Am+1dzO3q7lCNO0CW3JmmphVlUSa5BV4Dj3dHi7q3i6e1zQ7IK/gjJBjG59VWLwR4lPQ==",
      "dev": true,
      "requires": {
        "optional": "0.1.4",
        "tslib": "2.0.3"
      }
    },
    "@nuxtjs/opencollective": {
      "version": "0.3.2",
      "resolved": "https://registry.npmjs.org/@nuxtjs/opencollective/-/opencollective-0.3.2.tgz",
      "integrity": "sha512-um0xL3fO7Mf4fDxcqx9KryrB7zgRM5JSlvGN5AGkP6JLM5XEKyjeAiPbNxdXVXQ16isuAhYpvP88NgL2BGd6aA==",
      "dev": true,
      "requires": {
        "chalk": "^4.1.0",
        "consola": "^2.15.0",
        "node-fetch": "^2.6.1"
      }
    },
    "@sendgrid/client": {
      "version": "7.4.0",
      "resolved": "https://registry.npmjs.org/@sendgrid/client/-/client-7.4.0.tgz",
      "integrity": "sha512-KAZlEb1P8sATgBN+7hXgzaRF94nF9KQgDxQ6zUT1BV0kEsNtJQ2cs35sCtWt6AKKJrL0xPI/MsfcAJqom4YQBg==",
      "requires": {
        "@sendgrid/helpers": "^7.4.0",
        "axios": "^0.19.2"
      }
    },
    "@sendgrid/helpers": {
      "version": "7.4.0",
      "resolved": "https://registry.npmjs.org/@sendgrid/helpers/-/helpers-7.4.0.tgz",
      "integrity": "sha512-IQI2vemiJB0+X6bEp4HRG+0/wrzR2RDGnB5rwfq1CsPDrUFdJfxbE2zbGx//1GnlNwAtbHyc93ejU1m0KZr86w==",
      "requires": {
        "deepmerge": "^4.2.2"
      }
    },
    "@sendgrid/mail": {
      "version": "7.4.0",
      "resolved": "https://registry.npmjs.org/@sendgrid/mail/-/mail-7.4.0.tgz",
      "integrity": "sha512-SAARsfbl50OEJ99LYGKfgrYiV5O6+23aeGJuEBTHHSwRZ6KhD3n1BjPeIejbqgbqYLZJfNLxyU3o5xRdJPp3zg==",
      "requires": {
        "@sendgrid/client": "^7.4.0",
        "@sendgrid/helpers": "^7.4.0"
      }
    },
    "@types/deepmerge": {
      "version": "2.2.0",
      "resolved": "https://registry.npmjs.org/@types/deepmerge/-/deepmerge-2.2.0.tgz",
      "integrity": "sha512-FEQYDHh6+Q+QXKSrIY46m+/lAmAj/bk4KpLaam+hArmzaVpMBHLcfwOH2Q2UOkWM7XsdY9PmZpGyPAjh/JRGhQ==",
      "dev": true,
      "requires": {
        "deepmerge": "*"
      }
    },
    "ansi-styles": {
      "version": "4.3.0",
      "resolved": "https://registry.npmjs.org/ansi-styles/-/ansi-styles-4.3.0.tgz",
      "integrity": "sha512-zbB9rCJAT1rbjiVDb2hqKFHNYLxgtk8NURxZ3IZwD3F6NtxbXZQCnnSi1Lkx+IDohdPlFp222wVALIheZJQSEg==",
      "dev": true,
      "requires": {
        "color-convert": "^2.0.1"
      }
    },
    "axios": {
      "version": "0.19.2",
      "resolved": "https://registry.npmjs.org/axios/-/axios-0.19.2.tgz",
      "integrity": "sha512-fjgm5MvRHLhx+osE2xoekY70AhARk3a6hkN+3Io1jc00jtquGvxYlKlsFUhmUET0V5te6CcZI7lcv2Ym61mjHA==",
      "requires": {
        "follow-redirects": "1.5.10"
      }
    },
    "chalk": {
      "version": "4.1.0",
      "resolved": "https://registry.npmjs.org/chalk/-/chalk-4.1.0.tgz",
      "integrity": "sha512-qwx12AxXe2Q5xQ43Ac//I6v5aXTipYrSESdOgzrN+9XjgEpyjpKuvSGaN4qE93f7TQTlerQQ8S+EQ0EyDoVL1A==",
      "dev": true,
      "requires": {
        "ansi-styles": "^4.1.0",
        "supports-color": "^7.1.0"
      }
    },
    "color-convert": {
      "version": "2.0.1",
      "resolved": "https://registry.npmjs.org/color-convert/-/color-convert-2.0.1.tgz",
      "integrity": "sha512-RRECPsj7iu/xb5oKYcsFHSppFNnsj/52OVTRKb4zP5onXwVF3zVmmToNcOfGC+CRDpfK/U584fMg38ZHCaElKQ==",
      "dev": true,
      "requires": {
        "color-name": "~1.1.4"
      }
    },
    "color-name": {
      "version": "1.1.4",
      "resolved": "https://registry.npmjs.org/color-name/-/color-name-1.1.4.tgz",
      "integrity": "sha512-dOy+3AuW3a2wNbZHIuMZpTcgjGuLU/uBL/ubcZF9OXbDo8ff4O8yVp5Bf0efS8uEoYo5q4Fx7dY9OgQGXgAsQA==",
      "dev": true
    },
    "consola": {
      "version": "2.15.0",
      "resolved": "https://registry.npmjs.org/consola/-/consola-2.15.0.tgz",
      "integrity": "sha512-vlcSGgdYS26mPf7qNi+dCisbhiyDnrN1zaRbw3CSuc2wGOMEGGPsp46PdRG5gqXwgtJfjxDkxRNAgRPr1B77vQ==",
      "dev": true
    },
    "debug": {
      "version": "3.1.0",
      "resolved": "https://registry.npmjs.org/debug/-/debug-3.1.0.tgz",
      "integrity": "sha512-OX8XqP7/1a9cqkxYw2yXss15f26NKWBpDXQd0/uK/KPqdQhxbPa994hnzjcE2VqQpDslf55723cKPUOGSmMY3g==",
      "requires": {
        "ms": "2.0.0"
      }
    },
    "deepmerge": {
      "version": "4.2.2",
      "resolved": "https://registry.npmjs.org/deepmerge/-/deepmerge-4.2.2.tgz",
      "integrity": "sha512-FJ3UgI4gIl+PHZm53knsuSFpE+nESMr7M4v9QcgB7S63Kj/6WqMiFQJpBBYz1Pt+66bZpP3Q7Lye0Oo9MPKEdg=="
    },
    "fast-safe-stringify": {
      "version": "2.0.7",
      "resolved": "https://registry.npmjs.org/fast-safe-stringify/-/fast-safe-stringify-2.0.7.tgz",
      "integrity": "sha512-Utm6CdzT+6xsDk2m8S6uL8VHxNwI6Jub+e9NYTcAms28T84pTa25GJQV9j0CY0N1rM8hK4x6grpF2BQf+2qwVA==",
      "dev": true
    },
    "follow-redirects": {
      "version": "1.5.10",
      "resolved": "https://registry.npmjs.org/follow-redirects/-/follow-redirects-1.5.10.tgz",
      "integrity": "sha512-0V5l4Cizzvqt5D44aTXbFZz+FtyXV1vrDN6qrelxtfYQKW0KO0W2T/hkE8xvGa/540LkZlkaUjO4ailYTFtHVQ==",
      "requires": {
        "debug": "=3.1.0"
      }
    },
    "has-flag": {
      "version": "4.0.0",
      "resolved": "https://registry.npmjs.org/has-flag/-/has-flag-4.0.0.tgz",
      "integrity": "sha512-EykJT/Q1KjTWctppgIAgfSO0tKVuZUjhgMr17kqTumMl6Afv3EISleU7qZUzoXDFTAHTDC4NOoG/ZxU3EvlMPQ==",
      "dev": true
    },
    "iterare": {
      "version": "1.2.1",
      "resolved": "https://registry.npmjs.org/iterare/-/iterare-1.2.1.tgz",
      "integrity": "sha512-RKYVTCjAnRthyJes037NX/IiqeidgN1xc3j1RjFfECFp28A1GVwK9nA+i0rJPaHqSZwygLzRnFlzUuHFoWWy+Q==",
      "dev": true
    },
    "ms": {
      "version": "2.0.0",
      "resolved": "https://registry.npmjs.org/ms/-/ms-2.0.0.tgz",
      "integrity": "sha1-VgiurfwAvmwpAd9fmGF4jeDVl8g="
    },
    "node-fetch": {
      "version": "2.6.1",
      "resolved": "https://registry.npmjs.org/node-fetch/-/node-fetch-2.6.1.tgz",
      "integrity": "sha512-V4aYg89jEoVRxRb2fJdAg8FHvI7cEyYdVAh94HH0UIK8oJxUfkjlDQN9RbMx+bEjP7+ggMiFRprSti032Oipxw==",
      "dev": true
    },
    "object-hash": {
      "version": "2.0.3",
      "resolved": "https://registry.npmjs.org/object-hash/-/object-hash-2.0.3.tgz",
      "integrity": "sha512-JPKn0GMu+Fa3zt3Bmr66JhokJU5BaNBIh4ZeTlaCBzrBsOeXzwcKKAK1tbLiPKgvwmPXsDvvLHoWh5Bm7ofIYg==",
      "dev": true
    },
    "optional": {
      "version": "0.1.4",
      "resolved": "https://registry.npmjs.org/optional/-/optional-0.1.4.tgz",
      "integrity": "sha512-gtvrrCfkE08wKcgXaVwQVgwEQ8vel2dc5DDBn9RLQZ3YtmtkBss6A2HY6BnJH4N/4Ku97Ri/SF8sNWE2225WJw==",
      "dev": true
    },
    "path-to-regexp": {
      "version": "3.2.0",
      "resolved": "https://registry.npmjs.org/path-to-regexp/-/path-to-regexp-3.2.0.tgz",
      "integrity": "sha512-jczvQbCUS7XmS7o+y1aEO9OBVFeZBQ1MDSEqmO7xSoPgOPoowY/SxLpZ6Vh97/8qHZOteiCKb7gkG9gA2ZUxJA==",
      "dev": true
    },
    "reflect-metadata": {
      "version": "0.1.13",
      "resolved": "https://registry.npmjs.org/reflect-metadata/-/reflect-metadata-0.1.13.tgz",
      "integrity": "sha512-Ts1Y/anZELhSsjMcU605fU9RE4Oi3p5ORujwbIKXfWa+0Zxs510Qrmrce5/Jowq3cHSZSJqBjypxmHarc+vEWg=="
    },
    "supports-color": {
      "version": "7.2.0",
      "resolved": "https://registry.npmjs.org/supports-color/-/supports-color-7.2.0.tgz",
      "integrity": "sha512-qpCAvRl9stuOHveKsn7HncJRvv501qIacKzQlO/+Lwxc9+0q2wLyv4Dfvt80/DPn2pqOBsJdDiogXGR9+OvwRw==",
      "dev": true,
      "requires": {
        "has-flag": "^4.0.0"
      }
    },
    "tslib": {
      "version": "2.0.3",
      "resolved": "https://registry.npmjs.org/tslib/-/tslib-2.0.3.tgz",
      "integrity": "sha512-uZtkfKblCEQtZKBF6EBXVZeQNl82yqtDQdv+eck8u7tdPxjLu2/lp5/uPW+um2tpuxINHWy3GhiccY7QgEaVHQ==",
      "dev": true
    },
    "uuid": {
      "version": "8.3.2",
      "resolved": "https://registry.npmjs.org/uuid/-/uuid-8.3.2.tgz",
      "integrity": "sha512-+NYs2QeMWy+GWFOEm9xnn6HCDp0l7QBD7ml8zLUmJ+93Q5NF0NocErnwkTkXVFNiX3/fpC6afS8Dhb/gz7R7eg==",
      "dev": true
    }
  }
}
